
Microsoft Visual Studio Solution File, Format Version 12.00
# Visual Studio 2013
VisualStudioVersion = 12.0.31101.0
MinimumVisualStudioVersion = 10.0.40219.1
Project("{FAE04EC0-301F-11D3-BF4B-00C04F79EFBC}") = "EatsAPI", "EatsAPI\EatsAPI.csproj", "{B6CB9FE4-D29A-450E-8E2B-6038E3DF9935}"
EndProject
Project("{FAE04EC0-301F-11D3-BF4B-00C04F79EFBC}") = "EatsAPI.Models", "EatsAPI.Models\EatsAPI.Models.csproj", "{19F4BB20-ECDD-466A-8238-2032561C665B}"
EndProject
Global
	GlobalSection(SolutionConfigurationPlatforms) = preSolution
		Debug|Any CPU = Debug|Any CPU
		Release|Any CPU = Release|Any CPU
	EndGlobalSection
	GlobalSection(ProjectConfigurationPlatforms) = postSolution
		{B6CB9FE4-D29A-450E-8E2B-6038E3DF9935}.Debug|Any CPU.ActiveCfg = Debug|Any CPU
		{B6CB9FE4-D29A-450E-8E2B-6038E3DF9935}.Debug|Any CPU.Build.0 = Debug|Any CPU
		{B6CB9FE4-D29A-450E-8E2B-6038E3DF9935}.Release|Any CPU.ActiveCfg = Release|Any CPU
		{B6CB9FE4-D29A-450E-8E2B-6038E3DF9935}.Release|Any CPU.Build.0 = Release|Any CPU
		{19F4BB20-ECDD-466A-8238-2032561C665B}.Debug|Any CPU.ActiveCfg = Debug|Any CPU
		{19F4BB20-ECDD-466A-8238-2032561C665B}.Debug|Any CPU.Build.0 = Debug|Any CPU
		{19F4BB20-ECDD-466A-8238-2032561C665B}.Release|Any CPU.ActiveCfg = Release|Any CPU
		{19F4BB20-ECDD-466A-8238-2032561C665B}.Release|Any CPU.Build.0 = Release|Any CPU
	EndGlobalSection
	GlobalSection(SolutionProperties) = preSolution
		HideSolutionNode = FALSE
	EndGlobalSection
EndGlobal
